
Microsoft Visual Studio Solution File, Format Version 12.00
# Visual Studio Version 17
VisualStudioVersion = 17.0.31919.166
MinimumVisualStudioVersion = 10.0.40219.1
Project("{2150E333-8FDC-42A3-9474-1A3956D46DE8}") = "src", "src", "{4C49B582-BFA3-4AAC-8AB9-28830D47E1CF}"
EndProject
Project("{9A19103F-16F7-4668-BE54-9A1E7A4F7556}") = "InstantQuery", "src\InstantQuery\InstantQuery.csproj", "{5CC74345-D5D1-4A55-A97F-E0C588A53B25}"
EndProject
Project("{2150E333-8FDC-42A3-9474-1A3956D46DE8}") = "tests", "tests", "{9F64D825-1700-4813-8F89-725EC7430F80}"
EndProject
Project("{9A19103F-16F7-4668-BE54-9A1E7A4F7556}") = "InstantQuery.Benchmark", "tests\InstantQuery.Benchmark\InstantQuery.Benchmark.csproj", "{04487BE7-F280-4A24-8EB4-FE6DE8E89C58}"
EndProject
Project("{9A19103F-16F7-4668-BE54-9A1E7A4F7556}") = "InstantQuery.UnitTests", "tests\InstantQuery.UnitTests\InstantQuery.UnitTests.csproj", "{41A18714-A986-4C24-8C65-5A979832AFE8}"
EndProject
Project("{2150E333-8FDC-42A3-9474-1A3956D46DE8}") = "examples", "examples", "{602A5906-6DD6-4BDB-8D49-D76631A7D318}"
EndProject
Project("{9A19103F-16F7-4668-BE54-9A1E7A4F7556}") = "InstantQuery.Examples", "examples\InstantQuery.Examples\InstantQuery.Examples.csproj", "{374F5CC4-2E1B-4CFB-9569-6A7CC5EB2E6F}"
EndProject
Project("{2150E333-8FDC-42A3-9474-1A3956D46DE8}") = "Solution Items", "Solution Items", "{B46C73DC-C9DB-4B88-A2EF-28541794CBBB}"
	ProjectSection(SolutionItems) = preProject
		.editorconfig = .editorconfig
		.github\workflows\ci.yml = .github\workflows\ci.yml
		LICENSE = LICENSE
		README.md = README.md
		.github\workflows\release.yml = .github\workflows\release.yml
	EndProjectSection
EndProject
Global
	GlobalSection(SolutionConfigurationPlatforms) = preSolution
		Debug|Any CPU = Debug|Any CPU
		Release|Any CPU = Release|Any CPU
	EndGlobalSection
	GlobalSection(ProjectConfigurationPlatforms) = postSolution
		{5CC74345-D5D1-4A55-A97F-E0C588A53B25}.Debug|Any CPU.ActiveCfg = Debug|Any CPU
		{5CC74345-D5D1-4A55-A97F-E0C588A53B25}.Debug|Any CPU.Build.0 = Debug|Any CPU
		{5CC74345-D5D1-4A55-A97F-E0C588A53B25}.Release|Any CPU.ActiveCfg = Release|Any CPU
		{5CC74345-D5D1-4A55-A97F-E0C588A53B25}.Release|Any CPU.Build.0 = Release|Any CPU
		{04487BE7-F280-4A24-8EB4-FE6DE8E89C58}.Debug|Any CPU.ActiveCfg = Debug|Any CPU
		{04487BE7-F280-4A24-8EB4-FE6DE8E89C58}.Debug|Any CPU.Build.0 = Debug|Any CPU
		{04487BE7-F280-4A24-8EB4-FE6DE8E89C58}.Release|Any CPU.ActiveCfg = Release|Any CPU
		{04487BE7-F280-4A24-8EB4-FE6DE8E89C58}.Release|Any CPU.Build.0 = Release|Any CPU
		{41A18714-A986-4C24-8C65-5A979832AFE8}.Debug|Any CPU.ActiveCfg = Debug|Any CPU
		{41A18714-A986-4C24-8C65-5A979832AFE8}.Debug|Any CPU.Build.0 = Debug|Any CPU
		{41A18714-A986-4C24-8C65-5A979832AFE8}.Release|Any CPU.ActiveCfg = Release|Any CPU
		{41A18714-A986-4C24-8C65-5A979832AFE8}.Release|Any CPU.Build.0 = Release|Any CPU
		{374F5CC4-2E1B-4CFB-9569-6A7CC5EB2E6F}.Debug|Any CPU.ActiveCfg = Debug|Any CPU
		{374F5CC4-2E1B-4CFB-9569-6A7CC5EB2E6F}.Debug|Any CPU.Build.0 = Debug|Any CPU
		{374F5CC4-2E1B-4CFB-9569-6A7CC5EB2E6F}.Release|Any CPU.ActiveCfg = Release|Any CPU
		{374F5CC4-2E1B-4CFB-9569-6A7CC5EB2E6F}.Release|Any CPU.Build.0 = Release|Any CPU
	EndGlobalSection
	GlobalSection(SolutionProperties) = preSolution
		HideSolutionNode = FALSE
	EndGlobalSection
	GlobalSection(NestedProjects) = preSolution
		{5CC74345-D5D1-4A55-A97F-E0C588A53B25} = {4C49B582-BFA3-4AAC-8AB9-28830D47E1CF}
		{04487BE7-F280-4A24-8EB4-FE6DE8E89C58} = {9F64D825-1700-4813-8F89-725EC7430F80}
		{41A18714-A986-4C24-8C65-5A979832AFE8} = {9F64D825-1700-4813-8F89-725EC7430F80}
		{374F5CC4-2E1B-4CFB-9569-6A7CC5EB2E6F} = {602A5906-6DD6-4BDB-8D49-D76631A7D318}
	EndGlobalSection
	GlobalSection(ExtensibilityGlobals) = postSolution
		SolutionGuid = {E2CEE450-FC51-40A2-8E05-5F1720AA5911}
	EndGlobalSection
EndGlobal
